
Microsoft Visual Studio Solution File, Format Version 12.00
# Visual Studio Version 16
VisualStudioVersion = 16.0.29503.13
MinimumVisualStudioVersion = 10.0.40219.1
Project("{FAE04EC0-301F-11D3-BF4B-00C04F79EFBC}") = "Mapping.ORM", "Mapping\Mapping.ORM.csproj", "{8300EC4C-CC9C-405F-BB7A-97C27B596327}"
EndProject
Project("{FAE04EC0-301F-11D3-BF4B-00C04F79EFBC}") = "Mapping.Console", "Mapping.Console\Mapping.Console.csproj", "{1A71846B-1162-479D-B129-9C6E7AFBB6F4}"
EndProject
Global
	GlobalSection(SolutionConfigurationPlatforms) = preSolution
		Debug|Any CPU = Debug|Any CPU
		Release|Any CPU = Release|Any CPU
	EndGlobalSection
	GlobalSection(ProjectConfigurationPlatforms) = postSolution
		{8300EC4C-CC9C-405F-BB7A-97C27B596327}.Debug|Any CPU.ActiveCfg = Debug|Any CPU
		{8300EC4C-CC9C-405F-BB7A-97C27B596327}.Debug|Any CPU.Build.0 = Debug|Any CPU
		{8300EC4C-CC9C-405F-BB7A-97C27B596327}.Release|Any CPU.ActiveCfg = Release|Any CPU
		{8300EC4C-CC9C-405F-BB7A-97C27B596327}.Release|Any CPU.Build.0 = Release|Any CPU
		{1A71846B-1162-479D-B129-9C6E7AFBB6F4}.Debug|Any CPU.ActiveCfg = Debug|Any CPU
		{1A71846B-1162-479D-B129-9C6E7AFBB6F4}.Debug|Any CPU.Build.0 = Debug|Any CPU
		{1A71846B-1162-479D-B129-9C6E7AFBB6F4}.Release|Any CPU.ActiveCfg = Release|Any CPU
		{1A71846B-1162-479D-B129-9C6E7AFBB6F4}.Release|Any CPU.Build.0 = Release|Any CPU
	EndGlobalSection
	GlobalSection(SolutionProperties) = preSolution
		HideSolutionNode = FALSE
	EndGlobalSection
	GlobalSection(ExtensibilityGlobals) = postSolution
		SolutionGuid = {F978427C-FB8A-4AAC-B9CE-07A238E044E9}
	EndGlobalSection
EndGlobal
